
Microsoft Visual Studio Solution File, Format Version 12.00
# Visual Studio 2015
Project("{FAE04EC0-301F-11D3-BF4B-00C04F79EFBC}") = "fgs16_space_ricecake_ui.CSharp", "fgs16_space_ricecake_ui.CSharp.csproj", "{053C7B09-FA12-3B73-78FC-F0A7DEE22DCE}"
EndProject
Global
	GlobalSection(SolutionConfigurationPlatforms) = preSolution
		Debug|Any CPU = Debug|Any CPU
		Release|Any CPU = Release|Any CPU
	EndGlobalSection
	GlobalSection(ProjectConfigurationPlatforms) = postSolution
		{053C7B09-FA12-3B73-78FC-F0A7DEE22DCE}.Debug|Any CPU.ActiveCfg = Debug|Any CPU
		{053C7B09-FA12-3B73-78FC-F0A7DEE22DCE}.Debug|Any CPU.Build.0 = Debug|Any CPU
		{053C7B09-FA12-3B73-78FC-F0A7DEE22DCE}.Release|Any CPU.ActiveCfg = Release|Any CPU
		{053C7B09-FA12-3B73-78FC-F0A7DEE22DCE}.Release|Any CPU.Build.0 = Release|Any CPU
	EndGlobalSection
	GlobalSection(SolutionProperties) = preSolution
		HideSolutionNode = FALSE
	EndGlobalSection
EndGlobal
