Microsoft Visual Studio Solution File, Format Version 11.00
# Visual Studio 2008

Project("{75F8B813-A6D5-3E69-2089-B828B5F6A34F}") = "20160730_fukusima", "Assembly-CSharp-firstpass.csproj", "{9E06F258-C574-5C9F-A8B5-D908BB7F8A5D}"
EndProject
Global
	GlobalSection(SolutionConfigurationPlatforms) = preSolution
		Debug|Any CPU = Debug|Any CPU
		Release|Any CPU = Release|Any CPU
	EndGlobalSection
	GlobalSection(ProjectConfigurationPlatforms) = postSolution
		{9E06F258-C574-5C9F-A8B5-D908BB7F8A5D}.Debug|Any CPU.ActiveCfg = Debug|Any CPU
		{9E06F258-C574-5C9F-A8B5-D908BB7F8A5D}.Debug|Any CPU.Build.0 = Debug|Any CPU
		{9E06F258-C574-5C9F-A8B5-D908BB7F8A5D}.Release|Any CPU.ActiveCfg = Release|Any CPU
		{9E06F258-C574-5C9F-A8B5-D908BB7F8A5D}.Release|Any CPU.Build.0 = Release|Any CPU
	EndGlobalSection
	GlobalSection(SolutionProperties) = preSolution
		HideSolutionNode = FALSE
	EndGlobalSection
	GlobalSection(MonoDevelopProperties) = preSolution
		StartupItem = Assembly-CSharp.csproj
	EndGlobalSection
EndGlobal
